
Microsoft Visual Studio Solution File, Format Version 12.00
# Visual Studio Version 16
VisualStudioVersion = 16.0.32228.343
MinimumVisualStudioVersion = 10.0.40219.1
Project("{FAE04EC0-301F-11D3-BF4B-00C04F79EFBC}") = "Week1Self", "Week1Self\Week1Self.csproj", "{28BA7171-B37E-4EF1-AAF5-333D26E616FB}"
EndProject
Global
	GlobalSection(SolutionConfigurationPlatforms) = preSolution
		Debug|Any CPU = Debug|Any CPU
		Release|Any CPU = Release|Any CPU
	EndGlobalSection
	GlobalSection(ProjectConfigurationPlatforms) = postSolution
		{28BA7171-B37E-4EF1-AAF5-333D26E616FB}.Debug|Any CPU.ActiveCfg = Debug|Any CPU
		{28BA7171-B37E-4EF1-AAF5-333D26E616FB}.Debug|Any CPU.Build.0 = Debug|Any CPU
		{28BA7171-B37E-4EF1-AAF5-333D26E616FB}.Release|Any CPU.ActiveCfg = Release|Any CPU
		{28BA7171-B37E-4EF1-AAF5-333D26E616FB}.Release|Any CPU.Build.0 = Release|Any CPU
	EndGlobalSection
	GlobalSection(SolutionProperties) = preSolution
		HideSolutionNode = FALSE
	EndGlobalSection
	GlobalSection(ExtensibilityGlobals) = postSolution
		SolutionGuid = {8287EE61-CD8C-449E-AD63-8F745C583039}
	EndGlobalSection
EndGlobal
